// !$*UTF8*$!
{
	archiveVersion = 1;
	classes = {
	};
	objectVersion = 46;
	objects = {

/* Begin PBXBuildFile section */
		189279BB19B549F00078AC2E /* Foundation.framework in Frameworks */ = {isa = PBXBuildFile; fileRef = 189279BA19B549F00078AC2E /* Foundation.framework */; };
		189279BD19B549F00078AC2E /* CoreGraphics.framework in Frameworks */ = {isa = PBXBuildFile; fileRef = 189279BC19B549F00078AC2E /* CoreGraphics.framework */; };
		189279BF19B549F00078AC2E /* UIKit.framework in Frameworks */ = {isa = PBXBuildFile; fileRef = 189279BE19B549F00078AC2E /* UIKit.framework */; };
		189279C519B549F00078AC2E /* InfoPlist.strings in Resources */ = {isa = PBXBuildFile; fileRef = 189279C319B549F00078AC2E /* InfoPlist.strings */; };
		189279C719B549F00078AC2E /* main.m in Sources */ = {isa = PBXBuildFile; fileRef = 189279C619B549F00078AC2E /* main.m */; };
		189279CB19B549F00078AC2E /* HMAppDelegate.m in Sources */ = {isa = PBXBuildFile; fileRef = 189279CA19B549F00078AC2E /* HMAppDelegate.m */; };
		189279CE19B549F00078AC2E /* Main.storyboard in Resources */ = {isa = PBXBuildFile; fileRef = 189279CC19B549F00078AC2E /* Main.storyboard */; };
		189279D119B549F00078AC2E /* HMViewController.m in Sources */ = {isa = PBXBuildFile; fileRef = 189279D019B549F00078AC2E /* HMViewController.m */; };
		189279D319B549F00078AC2E /* Images.xcassets in Resources */ = {isa = PBXBuildFile; fileRef = 189279D219B549F00078AC2E /* Images.xcassets */; };
		189279DA19B549F00078AC2E /* XCTest.framework in Frameworks */ = {isa = PBXBuildFile; fileRef = 189279D919B549F00078AC2E /* XCTest.framework */; };
		189279DB19B549F00078AC2E /* Foundation.framework in Frameworks */ = {isa = PBXBuildFile; fileRef = 189279BA19B549F00078AC2E /* Foundation.framework */; };
		189279DC19B549F00078AC2E /* UIKit.framework in Frameworks */ = {isa = PBXBuildFile; fileRef = 189279BE19B549F00078AC2E /* UIKit.framework */; };
		189279E419B549F00078AC2E /* InfoPlist.strings in Resources */ = {isa = PBXBuildFile; fileRef = 189279E219B549F00078AC2E /* InfoPlist.strings */; };
		189279E619B549F00078AC2E /* _1_______Tests.m in Sources */ = {isa = PBXBuildFile; fileRef = 189279E519B549F00078AC2E /* _1_______Tests.m */; };
		189279F119B54A400078AC2E /* HMLineView.m in Sources */ = {isa = PBXBuildFile; fileRef = 189279F019B54A400078AC2E /* HMLineView.m */; };
		189279F419B558000078AC2E /* HMShapeView.m in Sources */ = {isa = PBXBuildFile; fileRef = 189279F319B558000078AC2E /* HMShapeView.m */; };
/* End PBXBuildFile section */

/* Begin PBXContainerItemProxy section */
		189279DD19B549F00078AC2E /* PBXContainerItemProxy */ = {
			isa = PBXContainerItemProxy;
			containerPortal = 189279AF19B549F00078AC2E /* Project object */;
			proxyType = 1;
			remoteGlobalIDString = 189279B619B549F00078AC2E;
			remoteInfo = "01-基本图形绘制";
		};
/* End PBXContainerItemProxy section */

/* Begin PBXFileReference section */
		189279B719B549F00078AC2E /* 01-基本图形绘制.app */ = {isa = PBXFileReference; explicitFileType = wrapper.application; includeInIndex = 0; path = "01-基本图形绘制.app"; sourceTree = BUILT_PRODUCTS_DIR; };
		189279BA19B549F00078AC2E /* Foundation.framework */ = {isa = PBXFileReference; lastKnownFileType = wrapper.framework; name = Foundation.framework; path = System/Library/Frameworks/Foundation.framework; sourceTree = SDKROOT; };
		189279BC19B549F00078AC2E /* CoreGraphics.framework */ = {isa = PBXFileReference; lastKnownFileType = wrapper.framework; name = CoreGraphics.framework; path = System/Library/Frameworks/CoreGraphics.framework; sourceTree = SDKROOT; };
		189279BE19B549F00078AC2E /* UIKit.framework */ = {isa = PBXFileReference; lastKnownFileType = wrapper.framework; name = UIKit.framework; path = System/Library/Frameworks/UIKit.framework; sourceTree = SDKROOT; };
		189279C219B549F00078AC2E /* 01-基本图形绘制-Info.plist */ = {isa = PBXFileReference; lastKnownFileType = text.plist.xml; path = "01-基本图形绘制-Info.plist"; sourceTree = "<group>"; };
		189279C419B549F00078AC2E /* en */ = {isa = PBXFileReference; lastKnownFileType = text.plist.strings; name = en; path = en.lproj/InfoPlist.strings; sourceTree = "<group>"; };
		189279C619B549F00078AC2E /* main.m */ = {isa = PBXFileReference; lastKnownFileType = sourcecode.c.objc; path = main.m; sourceTree = "<group>"; };
		189279C819B549F00078AC2E /* 01-基本图形绘制-Prefix.pch */ = {isa = PBXFileReference; lastKnownFileType = sourcecode.c.h; path = "01-基本图形绘制-Prefix.pch"; sourceTree = "<group>"; };
		189279C919B549F00078AC2E /* HMAppDelegate.h */ = {isa = PBXFileReference; lastKnownFileType = sourcecode.c.h; path = HMAppDelegate.h; sourceTree = "<group>"; };
		189279CA19B549F00078AC2E /* HMAppDelegate.m */ = {isa = PBXFileReference; lastKnownFileType = sourcecode.c.objc; path = HMAppDelegate.m; sourceTree = "<group>"; };
		189279CD19B549F00078AC2E /* Base */ = {isa = PBXFileReference; lastKnownFileType = file.storyboard; name = Base; path = Base.lproj/Main.storyboard; sourceTree = "<group>"; };
		189279CF19B549F00078AC2E /* HMViewController.h */ = {isa = PBXFileReference; lastKnownFileType = sourcecode.c.h; path = HMViewController.h; sourceTree = "<group>"; };
		189279D019B549F00078AC2E /* HMViewController.m */ = {isa = PBXFileReference; lastKnownFileType = sourcecode.c.objc; path = HMViewController.m; sourceTree = "<group>"; };
		189279D219B549F00078AC2E /* Images.xcassets */ = {isa = PBXFileReference; lastKnownFileType = folder.assetcatalog; path = Images.xcassets; sourceTree = "<group>"; };
		189279D819B549F00078AC2E /* 01-基本图形绘制Tests.xctest */ = {isa = PBXFileReference; explicitFileType = wrapper.cfbundle; includeInIndex = 0; path = "01-基本图形绘制Tests.xctest"; sourceTree = BUILT_PRODUCTS_DIR; };
		189279D919B549F00078AC2E /* XCTest.framework */ = {isa = PBXFileReference; lastKnownFileType = wrapper.framework; name = XCTest.framework; path = Library/Frameworks/XCTest.framework; sourceTree = DEVELOPER_DIR; };
		189279E119B549F00078AC2E /* 01-基本图形绘制Tests-Info.plist */ = {isa = PBXFileReference; lastKnownFileType = text.plist.xml; path = "01-基本图形绘制Tests-Info.plist"; sourceTree = "<group>"; };
		189279E319B549F00078AC2E /* en */ = {isa = PBXFileReference; lastKnownFileType = text.plist.strings; name = en; path = en.lproj/InfoPlist.strings; sourceTree = "<group>"; };
		189279E519B549F00078AC2E /* _1_______Tests.m */ = {isa = PBXFileReference; lastKnownFileType = sourcecode.c.objc; path = "_1_______Tests.m"; sourceTree = "<group>"; };
		189279EF19B54A400078AC2E /* HMLineView.h */ = {isa = PBXFileReference; fileEncoding = 4; lastKnownFileType = sourcecode.c.h; path = HMLineView.h; sourceTree = "<group>"; };
		189279F019B54A400078AC2E /* HMLineView.m */ = {isa = PBXFileReference; fileEncoding = 4; lastKnownFileType = sourcecode.c.objc; path = HMLineView.m; sourceTree = "<group>"; };
		189279F219B558000078AC2E /* HMShapeView.h */ = {isa = PBXFileReference; fileEncoding = 4; lastKnownFileType = sourcecode.c.h; path = HMShapeView.h; sourceTree = "<group>"; };
		189279F319B558000078AC2E /* HMShapeView.m */ = {isa = PBXFileReference; fileEncoding = 4; lastKnownFileType = sourcecode.c.objc; path = HMShapeView.m; sourceTree = "<group>"; };
/* End PBXFileReference section */

/* Begin PBXFrameworksBuildPhase section */
		189279B419B549F00078AC2E /* Frameworks */ = {
			isa = PBXFrameworksBuildPhase;
			buildActionMask = 2147483647;
			files = (
				189279BD19B549F00078AC2E /* CoreGraphics.framework in Frameworks */,
				189279BF19B549F00078AC2E /* UIKit.framework in Frameworks */,
				189279BB19B549F00078AC2E /* Foundation.framework in Frameworks */,
			);
			runOnlyForDeploymentPostprocessing = 0;
		};
		189279D519B549F00078AC2E /* Frameworks */ = {
			isa = PBXFrameworksBuildPhase;
			buildActionMask = 2147483647;
			files = (
				189279DA19B549F00078AC2E /* XCTest.framework in Frameworks */,
				189279DC19B549F00078AC2E /* UIKit.framework in Frameworks */,
				189279DB19B549F00078AC2E /* Foundation.framework in Frameworks */,
			);
			runOnlyForDeploymentPostprocessing = 0;
		};
/* End PBXFrameworksBuildPhase section */

/* Begin PBXGroup section */
		189279AE19B549F00078AC2E = {
			isa = PBXGroup;
			children = (
				189279C019B549F00078AC2E /* 01-基本图形绘制 */,
				189279DF19B549F00078AC2E /* 01-基本图形绘制Tests */,
				189279B919B549F00078AC2E /* Frameworks */,
				189279B819B549F00078AC2E /* Products */,
			);
			sourceTree = "<group>";
		};
		189279B819B549F00078AC2E /* Products */ = {
			isa = PBXGroup;
			children = (
				189279B719B549F00078AC2E /* 01-基本图形绘制.app */,
				189279D819B549F00078AC2E /* 01-基本图形绘制Tests.xctest */,
			);
			name = Products;
			sourceTree = "<group>";
		};
		189279B919B549F00078AC2E /* Frameworks */ = {
			isa = PBXGroup;
			children = (
				189279BA19B549F00078AC2E /* Foundation.framework */,
				189279BC19B549F00078AC2E /* CoreGraphics.framework */,
				189279BE19B549F00078AC2E /* UIKit.framework */,
				189279D919B549F00078AC2E /* XCTest.framework */,
			);
			name = Frameworks;
			sourceTree = "<group>";
		};
		189279C019B549F00078AC2E /* 01-基本图形绘制 */ = {
			isa = PBXGroup;
			children = (
				189279C919B549F00078AC2E /* HMAppDelegate.h */,
				189279CA19B549F00078AC2E /* HMAppDelegate.m */,
				189279CC19B549F00078AC2E /* Main.storyboard */,
				189279EF19B54A400078AC2E /* HMLineView.h */,
				189279F019B54A400078AC2E /* HMLineView.m */,
				189279F219B558000078AC2E /* HMShapeView.h */,
				189279F319B558000078AC2E /* HMShapeView.m */,
				189279CF19B549F00078AC2E /* HMViewController.h */,
				189279D019B549F00078AC2E /* HMViewController.m */,
				189279D219B549F00078AC2E /* Images.xcassets */,
				189279C119B549F00078AC2E /* Supporting Files */,
			);
			path = "01-基本图形绘制";
			sourceTree = "<group>";
		};
		189279C119B549F00078AC2E /* Supporting Files */ = {
			isa = PBXGroup;
			children = (
				189279C219B549F00078AC2E /* 01-基本图形绘制-Info.plist */,
				189279C319B549F00078AC2E /* InfoPlist.strings */,
				189279C619B549F00078AC2E /* main.m */,
				189279C819B549F00078AC2E /* 01-基本图形绘制-Prefix.pch */,
			);
			name = "Supporting Files";
			sourceTree = "<group>";
		};
		189279DF19B549F00078AC2E /* 01-基本图形绘制Tests */ = {
			isa = PBXGroup;
			children = (
				189279E519B549F00078AC2E /* _1_______Tests.m */,
				189279E019B549F00078AC2E /* Supporting Files */,
			);
			path = "01-基本图形绘制Tests";
			sourceTree = "<group>";
		};
		189279E019B549F00078AC2E /* Supporting Files */ = {
			isa = PBXGroup;
			children = (
				189279E119B549F00078AC2E /* 01-基本图形绘制Tests-Info.plist */,
				189279E219B549F00078AC2E /* InfoPlist.strings */,
			);
			name = "Supporting Files";
			sourceTree = "<group>";
		};
/* End PBXGroup section */

/* Begin PBXNativeTarget section */
		189279B619B549F00078AC2E /* 01-基本图形绘制 */ = {
			isa = PBXNativeTarget;
			buildConfigurationList = 189279E919B549F00078AC2E /* Build configuration list for PBXNativeTarget "01-基本图形绘制" */;
			buildPhases = (
				189279B319B549F00078AC2E /* Sources */,
				189279B419B549F00078AC2E /* Frameworks */,
				189279B519B549F00078AC2E /* Resources */,
			);
			buildRules = (
			);
			dependencies = (
			);
			name = "01-基本图形绘制";
			productName = "01-基本图形绘制";
			productReference = 189279B719B549F00078AC2E /* 01-基本图形绘制.app */;
			productType = "com.apple.product-type.application";
		};
		189279D719B549F00078AC2E /* 01-基本图形绘制Tests */ = {
			isa = PBXNativeTarget;
			buildConfigurationList = 189279EC19B549F00078AC2E /* Build configuration list for PBXNativeTarget "01-基本图形绘制Tests" */;
			buildPhases = (
				189279D419B549F00078AC2E /* Sources */,
				189279D519B549F00078AC2E /* Frameworks */,
				189279D619B549F00078AC2E /* Resources */,
			);
			buildRules = (
			);
			dependencies = (
				189279DE19B549F00078AC2E /* PBXTargetDependency */,
			);
			name = "01-基本图形绘制Tests";
			productName = "01-基本图形绘制Tests";
			productReference = 189279D819B549F00078AC2E /* 01-基本图形绘制Tests.xctest */;
			productType = "com.apple.product-type.bundle.unit-test";
		};
/* End PBXNativeTarget section */

/* Begin PBXProject section */
		189279AF19B549F00078AC2E /* Project object */ = {
			isa = PBXProject;
			attributes = {
				CLASSPREFIX = HM;
				LastUpgradeCheck = 0510;
				ORGANIZATIONNAME = itcast;
				TargetAttributes = {
					189279D719B549F00078AC2E = {
						TestTargetID = 189279B619B549F00078AC2E;
					};
				};
			};
			buildConfigurationList = 189279B219B549F00078AC2E /* Build configuration list for PBXProject "01-基本图形绘制" */;
			compatibilityVersion = "Xcode 3.2";
			developmentRegion = English;
			hasScannedForEncodings = 0;
			knownRegions = (
				en,
				Base,
			);
			mainGroup = 189279AE19B549F00078AC2E;
			productRefGroup = 189279B819B549F00078AC2E /* Products */;
			projectDirPath = "";
			projectRoot = "";
			targets = (
				189279B619B549F00078AC2E /* 01-基本图形绘制 */,
				189279D719B549F00078AC2E /* 01-基本图形绘制Tests */,
			);
		};
/* End PBXProject section */

/* Begin PBXResourcesBuildPhase section */
		189279B519B549F00078AC2E /* Resources */ = {
			isa = PBXResourcesBuildPhase;
			buildActionMask = 2147483647;
			files = (
				189279D319B549F00078AC2E /* Images.xcassets in Resources */,
				189279C519B549F00078AC2E /* InfoPlist.strings in Resources */,
				189279CE19B549F00078AC2E /* Main.storyboard in Resources */,
			);
			runOnlyForDeploymentPostprocessing = 0;
		};
		189279D619B549F00078AC2E /* Resources */ = {
			isa = PBXResourcesBuildPhase;
			buildActionMask = 2147483647;
			files = (
				189279E419B549F00078AC2E /* InfoPlist.strings in Resources */,
			);
			runOnlyForDeploymentPostprocessing = 0;
		};
/* End PBXResourcesBuildPhase section */

/* Begin PBXSourcesBuildPhase section */
		189279B319B549F00078AC2E /* Sources */ = {
			isa = PBXSourcesBuildPhase;
			buildActionMask = 2147483647;
			files = (
				189279D119B549F00078AC2E /* HMViewController.m in Sources */,
				189279C719B549F00078AC2E /* main.m in Sources */,
				189279CB19B549F00078AC2E /* HMAppDelegate.m in Sources */,
				189279F119B54A400078AC2E /* HMLineView.m in Sources */,
				189279F419B558000078AC2E /* HMShapeView.m in Sources */,
			);
			runOnlyForDeploymentPostprocessing = 0;
		};
		189279D419B549F00078AC2E /* Sources */ = {
			isa = PBXSourcesBuildPhase;
			buildActionMask = 2147483647;
			files = (
				189279E619B549F00078AC2E /* _1_______Tests.m in Sources */,
			);
			runOnlyForDeploymentPostprocessing = 0;
		};
/* End PBXSourcesBuildPhase section */

/* Begin PBXTargetDependency section */
		189279DE19B549F00078AC2E /* PBXTargetDependency */ = {
			isa = PBXTargetDependency;
			target = 189279B619B549F00078AC2E /* 01-基本图形绘制 */;
			targetProxy = 189279DD19B549F00078AC2E /* PBXContainerItemProxy */;
		};
/* End PBXTargetDependency section */

/* Begin PBXVariantGroup section */
		189279C319B549F00078AC2E /* InfoPlist.strings */ = {
			isa = PBXVariantGroup;
			children = (
				189279C419B549F00078AC2E /* en */,
			);
			name = InfoPlist.strings;
			sourceTree = "<group>";
		};
		189279CC19B549F00078AC2E /* Main.storyboard */ = {
			isa = PBXVariantGroup;
			children = (
				189279CD19B549F00078AC2E /* Base */,
			);
			name = Main.storyboard;
			sourceTree = "<group>";
		};
		189279E219B549F00078AC2E /* InfoPlist.strings */ = {
			isa = PBXVariantGroup;
			children = (
				189279E319B549F00078AC2E /* en */,
			);
			name = InfoPlist.strings;
			sourceTree = "<group>";
		};
/* End PBXVariantGroup section */

/* Begin XCBuildConfiguration section */
		189279E719B549F00078AC2E /* Debug */ = {
			isa = XCBuildConfiguration;
			buildSettings = {
				ALWAYS_SEARCH_USER_PATHS = NO;
				CLANG_CXX_LANGUAGE_STANDARD = "gnu++0x";
				CLANG_CXX_LIBRARY = "libc++";
				CLANG_ENABLE_MODULES = YES;
				CLANG_ENABLE_OBJC_ARC = YES;
				CLANG_WARN_BOOL_CONVERSION = YES;
				CLANG_WARN_CONSTANT_CONVERSION = YES;
				CLANG_WARN_DIRECT_OBJC_ISA_USAGE = YES_ERROR;
				CLANG_WARN_EMPTY_BODY = YES;
				CLANG_WARN_ENUM_CONVERSION = YES;
				CLANG_WARN_INT_CONVERSION = YES;
				CLANG_WARN_OBJC_ROOT_CLASS = YES_ERROR;
				CLANG_WARN__DUPLICATE_METHOD_MATCH = YES;
				"CODE_SIGN_IDENTITY[sdk=iphoneos*]" = "iPhone Developer";
				COPY_PHASE_STRIP = NO;
				GCC_C_LANGUAGE_STANDARD = gnu99;
				GCC_DYNAMIC_NO_PIC = NO;
				GCC_OPTIMIZATION_LEVEL = 0;
				GCC_PREPROCESSOR_DEFINITIONS = (
					"DEBUG=1",
					"$(inherited)",
				);
				GCC_SYMBOLS_PRIVATE_EXTERN = NO;
				GCC_WARN_64_TO_32_BIT_CONVERSION = YES;
				GCC_WARN_ABOUT_RETURN_TYPE = YES_ERROR;
				GCC_WARN_UNDECLARED_SELECTOR = YES;
				GCC_WARN_UNINITIALIZED_AUTOS = YES_AGGRESSIVE;
				GCC_WARN_UNUSED_FUNCTION = YES;
				GCC_WARN_UNUSED_VARIABLE = YES;
				IPHONEOS_DEPLOYMENT_TARGET = 7.1;
				ONLY_ACTIVE_ARCH = YES;
				SDKROOT = iphoneos;
			};
			name = Debug;
		};
		189279E819B549F00078AC2E /* Release */ = {
			isa = XCBuildConfiguration;
			buildSettings = {
				ALWAYS_SEARCH_USER_PATHS = NO;
				CLANG_CXX_LANGUAGE_STANDARD = "gnu++0x";
				CLANG_CXX_LIBRARY = "libc++";
				CLANG_ENABLE_MODULES = YES;
				CLANG_ENABLE_OBJC_ARC = YES;
				CLANG_WARN_BOOL_CONVERSION = YES;
				CLANG_WARN_CONSTANT_CONVERSION = YES;
				CLANG_WARN_DIRECT_OBJC_ISA_USAGE = YES_ERROR;
				CLANG_WARN_EMPTY_BODY = YES;
				CLANG_WARN_ENUM_CONVERSION = YES;
				CLANG_WARN_INT_CONVERSION = YES;
				CLANG_WARN_OBJC_ROOT_CLASS = YES_ERROR;
				CLANG_WARN__DUPLICATE_METHOD_MATCH = YES;
				"CODE_SIGN_IDENTITY[sdk=iphoneos*]" = "iPhone Developer";
				COPY_PHASE_STRIP = YES;
				ENABLE_NS_ASSERTIONS = NO;
				GCC_C_LANGUAGE_STANDARD = gnu99;
				GCC_WARN_64_TO_32_BIT_CONVERSION = YES;
				GCC_WARN_ABOUT_RETURN_TYPE = YES_ERROR;
				GCC_WARN_UNDECLARED_SELECTOR = YES;
				GCC_WARN_UNINITIALIZED_AUTOS = YES_AGGRESSIVE;
				GCC_WARN_UNUSED_FUNCTION = YES;
				GCC_WARN_UNUSED_VARIABLE = YES;
				IPHONEOS_DEPLOYMENT_TARGET = 7.1;
				SDKROOT = iphoneos;
				VALIDATE_PRODUCT = YES;
			};
			name = Release;
		};
		189279EA19B549F00078AC2E /* Debug */ = {
			isa = XCBuildConfiguration;
			buildSettings = {
				ASSETCATALOG_COMPILER_APPICON_NAME = AppIcon;
				ASSETCATALOG_COMPILER_LAUNCHIMAGE_NAME = LaunchImage;
				GCC_PRECOMPILE_PREFIX_HEADER = YES;
				GCC_PREFIX_HEADER = "01-基本图形绘制/01-基本图形绘制-Prefix.pch";
				INFOPLIST_FILE = "01-基本图形绘制/01-基本图形绘制-Info.plist";
				PRODUCT_NAME = "$(TARGET_NAME)";
				WRAPPER_EXTENSION = app;
			};
			name = Debug;
		};
		189279EB19B549F00078AC2E /* Release */ = {
			isa = XCBuildConfiguration;
			buildSettings = {
				ASSETCATALOG_COMPILER_APPICON_NAME = AppIcon;
				ASSETCATALOG_COMPILER_LAUNCHIMAGE_NAME = LaunchImage;
				GCC_PRECOMPILE_PREFIX_HEADER = YES;
				GCC_PREFIX_HEADER = "01-基本图形绘制/01-基本图形绘制-Prefix.pch";
				INFOPLIST_FILE = "01-基本图形绘制/01-基本图形绘制-Info.plist";
				PRODUCT_NAME = "$(TARGET_NAME)";
				WRAPPER_EXTENSION = app;
			};
			name = Release;
		};
		189279ED19B549F00078AC2E /* Debug */ = {
			isa = XCBuildConfiguration;
			buildSettings = {
				BUNDLE_LOADER = "$(BUILT_PRODUCTS_DIR)/01-基本图形绘制.app/01-基本图形绘制";
				FRAMEWORK_SEARCH_PATHS = (
					"$(SDKROOT)/Developer/Library/Frameworks",
					"$(inherited)",
					"$(DEVELOPER_FRAMEWORKS_DIR)",
				);
				GCC_PRECOMPILE_PREFIX_HEADER = YES;
				GCC_PREFIX_HEADER = "01-基本图形绘制/01-基本图形绘制-Prefix.pch";
				GCC_PREPROCESSOR_DEFINITIONS = (
					"DEBUG=1",
					"$(inherited)",
				);
				INFOPLIST_FILE = "01-基本图形绘制Tests/01-基本图形绘制Tests-Info.plist";
				PRODUCT_NAME = "$(TARGET_NAME)";
				TEST_HOST = "$(BUNDLE_LOADER)";
				WRAPPER_EXTENSION = xctest;
			};
			name = Debug;
		};
		189279EE19B549F00078AC2E /* Release */ = {
			isa = XCBuildConfiguration;
			buildSettings = {
				BUNDLE_LOADER = "$(BUILT_PRODUCTS_DIR)/01-基本图形绘制.app/01-基本图形绘制";
				FRAMEWORK_SEARCH_PATHS = (
					"$(SDKROOT)/Developer/Library/Frameworks",
					"$(inherited)",
					"$(DEVELOPER_FRAMEWORKS_DIR)",
				);
				GCC_PRECOMPILE_PREFIX_HEADER = YES;
				GCC_PREFIX_HEADER = "01-基本图形绘制/01-基本图形绘制-Prefix.pch";
				INFOPLIST_FILE = "01-基本图形绘制Tests/01-基本图形绘制Tests-Info.plist";
				PRODUCT_NAME = "$(TARGET_NAME)";
				TEST_HOST = "$(BUNDLE_LOADER)";
				WRAPPER_EXTENSION = xctest;
			};
			name = Release;
		};
/* End XCBuildConfiguration section */

/* Begin XCConfigurationList section */
		189279B219B549F00078AC2E /* Build configuration list for PBXProject "01-基本图形绘制" */ = {
			isa = XCConfigurationList;
			buildConfigurations = (
				189279E719B549F00078AC2E /* Debug */,
				189279E819B549F00078AC2E /* Release */,
			);
			defaultConfigurationIsVisible = 0;
			defaultConfigurationName = Release;
		};
		189279E919B549F00078AC2E /* Build configuration list for PBXNativeTarget "01-基本图形绘制" */ = {
			isa = XCConfigurationList;
			buildConfigurations = (
				189279EA19B549F00078AC2E /* Debug */,
				189279EB19B549F00078AC2E /* Release */,
			);
			defaultConfigurationIsVisible = 0;
			defaultConfigurationName = Release;
		};
		189279EC19B549F00078AC2E /* Build configuration list for PBXNativeTarget "01-基本图形绘制Tests" */ = {
			isa = XCConfigurationList;
			buildConfigurations = (
				189279ED19B549F00078AC2E /* Debug */,
				189279EE19B549F00078AC2E /* Release */,
			);
			defaultConfigurationIsVisible = 0;
			defaultConfigurationName = Release;
		};
/* End XCConfigurationList section */
	};
	rootObject = 189279AF19B549F00078AC2E /* Project object */;
}
